
Microsoft Visual Studio Solution File, Format Version 12.00
# Visual Studio Version 17
VisualStudioVersion = 17.10.35013.160
MinimumVisualStudioVersion = 10.0.40219.1
Project("{FAE04EC0-301F-11D3-BF4B-00C04F79EFBC}") = "TodoApi", "TodoApi\TodoApi.csproj", "{21B1931D-F353-4647-82F3-E017116690A1}"
EndProject
Global
	GlobalSection(SolutionConfigurationPlatforms) = preSolution
		Debug|Any CPU = Debug|Any CPU
		Release|Any CPU = Release|Any CPU
	EndGlobalSection
	GlobalSection(ProjectConfigurationPlatforms) = postSolution
		{21B1931D-F353-4647-82F3-E017116690A1}.Debug|Any CPU.ActiveCfg = Debug|Any CPU
		{21B1931D-F353-4647-82F3-E017116690A1}.Debug|Any CPU.Build.0 = Debug|Any CPU
		{21B1931D-F353-4647-82F3-E017116690A1}.Release|Any CPU.ActiveCfg = Release|Any CPU
		{21B1931D-F353-4647-82F3-E017116690A1}.Release|Any CPU.Build.0 = Release|Any CPU
	EndGlobalSection
	GlobalSection(SolutionProperties) = preSolution
		HideSolutionNode = FALSE
	EndGlobalSection
	GlobalSection(ExtensibilityGlobals) = postSolution
		SolutionGuid = {95470BC8-6C55-421A-82DE-A982AD1424ED}
	EndGlobalSection
EndGlobal
